// !$*UTF8*$!
{
	archiveVersion = 1;
	classes = {
	};
	objectVersion = 55;
	objects = {

/* Begin PBXBuildFile section */
		19A0925028845C99005B7F10 /* GitHubApp.swift in Sources */ = {isa = PBXBuildFile; fileRef = 19A0924F28845C99005B7F10 /* GitHubApp.swift */; };
		19A0925228845C99005B7F10 /* ContentView.swift in Sources */ = {isa = PBXBuildFile; fileRef = 19A0925128845C99005B7F10 /* ContentView.swift */; };
		19A0925428845C9B005B7F10 /* Assets.xcassets in Resources */ = {isa = PBXBuildFile; fileRef = 19A0925328845C9B005B7F10 /* Assets.xcassets */; };
		19A0925728845C9B005B7F10 /* Preview Assets.xcassets in Resources */ = {isa = PBXBuildFile; fileRef = 19A0925628845C9B005B7F10 /* Preview Assets.xcassets */; };
		19A0926128845CE6005B7F10 /* Repository.swift in Sources */ = {isa = PBXBuildFile; fileRef = 19A0926028845CE6005B7F10 /* Repository.swift */; };
		19A09263288461FA005B7F10 /* Repositories.swift in Sources */ = {isa = PBXBuildFile; fileRef = 19A09262288461FA005B7F10 /* Repositories.swift */; };
		19A0926528846272005B7F10 /* RepositoryViewModel.swift in Sources */ = {isa = PBXBuildFile; fileRef = 19A0926428846272005B7F10 /* RepositoryViewModel.swift */; };
		19A09267288466EC005B7F10 /* StackCardView.swift in Sources */ = {isa = PBXBuildFile; fileRef = 19A09266288466EC005B7F10 /* StackCardView.swift */; };
		19A0926E288680DB005B7F10 /* Favorites.swift in Sources */ = {isa = PBXBuildFile; fileRef = 19A0926D288680DB005B7F10 /* Favorites.swift */; };
		19A09270288680E8005B7F10 /* FavoritesViewModel.swift in Sources */ = {isa = PBXBuildFile; fileRef = 19A0926F288680E8005B7F10 /* FavoritesViewModel.swift */; };
/* End PBXBuildFile section */

/* Begin PBXFileReference section */
		19A0924C28845C99005B7F10 /* GitHub.app */ = {isa = PBXFileReference; explicitFileType = wrapper.application; includeInIndex = 0; path = GitHub.app; sourceTree = BUILT_PRODUCTS_DIR; };
		19A0924F28845C99005B7F10 /* GitHubApp.swift */ = {isa = PBXFileReference; lastKnownFileType = sourcecode.swift; path = GitHubApp.swift; sourceTree = "<group>"; };
		19A0925128845C99005B7F10 /* ContentView.swift */ = {isa = PBXFileReference; lastKnownFileType = sourcecode.swift; path = ContentView.swift; sourceTree = "<group>"; };
		19A0925328845C9B005B7F10 /* Assets.xcassets */ = {isa = PBXFileReference; lastKnownFileType = folder.assetcatalog; path = Assets.xcassets; sourceTree = "<group>"; };
		19A0925628845C9B005B7F10 /* Preview Assets.xcassets */ = {isa = PBXFileReference; lastKnownFileType = folder.assetcatalog; path = "Preview Assets.xcassets"; sourceTree = "<group>"; };
		19A0926028845CE6005B7F10 /* Repository.swift */ = {isa = PBXFileReference; lastKnownFileType = sourcecode.swift; path = Repository.swift; sourceTree = "<group>"; };
		19A09262288461FA005B7F10 /* Repositories.swift */ = {isa = PBXFileReference; lastKnownFileType = sourcecode.swift; path = Repositories.swift; sourceTree = "<group>"; };
		19A0926428846272005B7F10 /* RepositoryViewModel.swift */ = {isa = PBXFileReference; lastKnownFileType = sourcecode.swift; path = RepositoryViewModel.swift; sourceTree = "<group>"; };
		19A09266288466EC005B7F10 /* StackCardView.swift */ = {isa = PBXFileReference; lastKnownFileType = sourcecode.swift; path = StackCardView.swift; sourceTree = "<group>"; };
		19A0926D288680DB005B7F10 /* Favorites.swift */ = {isa = PBXFileReference; lastKnownFileType = sourcecode.swift; path = Favorites.swift; sourceTree = "<group>"; };
		19A0926F288680E8005B7F10 /* FavoritesViewModel.swift */ = {isa = PBXFileReference; lastKnownFileType = sourcecode.swift; path = FavoritesViewModel.swift; sourceTree = "<group>"; };
/* End PBXFileReference section */

/* Begin PBXFrameworksBuildPhase section */
		19A0924928845C99005B7F10 /* Frameworks */ = {
			isa = PBXFrameworksBuildPhase;
			buildActionMask = 2147483647;
			files = (
			);
			runOnlyForDeploymentPostprocessing = 0;
		};
/* End PBXFrameworksBuildPhase section */

/* Begin PBXGroup section */
		19A0924328845C99005B7F10 = {
			isa = PBXGroup;
			children = (
				19A0924E28845C99005B7F10 /* GitHub */,
				19A0924D28845C99005B7F10 /* Products */,
			);
			sourceTree = "<group>";
		};
		19A0924D28845C99005B7F10 /* Products */ = {
			isa = PBXGroup;
			children = (
				19A0924C28845C99005B7F10 /* GitHub.app */,
			);
			name = Products;
			sourceTree = "<group>";
		};
		19A0924E28845C99005B7F10 /* GitHub */ = {
			isa = PBXGroup;
			children = (
				19A0926928859BB6005B7F10 /* FavoritesScreen */,
				19A0926828859B9D005B7F10 /* RepositoryScreen */,
				19A0924F28845C99005B7F10 /* GitHubApp.swift */,
				19A0925128845C99005B7F10 /* ContentView.swift */,
				19A0925328845C9B005B7F10 /* Assets.xcassets */,
				19A0925528845C9B005B7F10 /* Preview Content */,
			);
			path = GitHub;
			sourceTree = "<group>";
		};
		19A0925528845C9B005B7F10 /* Preview Content */ = {
			isa = PBXGroup;
			children = (
				19A0925628845C9B005B7F10 /* Preview Assets.xcassets */,
			);
			path = "Preview Content";
			sourceTree = "<group>";
		};
		19A0925D28845CC2005B7F10 /* Model */ = {
			isa = PBXGroup;
			children = (
				19A09262288461FA005B7F10 /* Repositories.swift */,
			);
			path = Model;
			sourceTree = "<group>";
		};
		19A0925E28845CCC005B7F10 /* ViewModel */ = {
			isa = PBXGroup;
			children = (
				19A0926428846272005B7F10 /* RepositoryViewModel.swift */,
			);
			path = ViewModel;
			sourceTree = "<group>";
		};
		19A0925F28845CD2005B7F10 /* View */ = {
			isa = PBXGroup;
			children = (
				19A0926028845CE6005B7F10 /* Repository.swift */,
				19A09266288466EC005B7F10 /* StackCardView.swift */,
			);
			path = View;
			sourceTree = "<group>";
		};
		19A0926828859B9D005B7F10 /* RepositoryScreen */ = {
			isa = PBXGroup;
			children = (
				19A0925F28845CD2005B7F10 /* View */,
				19A0925E28845CCC005B7F10 /* ViewModel */,
				19A0925D28845CC2005B7F10 /* Model */,
			);
			path = RepositoryScreen;
			sourceTree = "<group>";
		};
		19A0926928859BB6005B7F10 /* FavoritesScreen */ = {
			isa = PBXGroup;
			children = (
				19A0926A28859BC2005B7F10 /* View */,
				19A0926B28859BC7005B7F10 /* ViewModel */,
				19A0926C28859BD0005B7F10 /* Model */,
			);
			path = FavoritesScreen;
			sourceTree = "<group>";
		};
		19A0926A28859BC2005B7F10 /* View */ = {
			isa = PBXGroup;
			children = (
				19A0926D288680DB005B7F10 /* Favorites.swift */,
			);
			path = View;
			sourceTree = "<group>";
		};
		19A0926B28859BC7005B7F10 /* ViewModel */ = {
			isa = PBXGroup;
			children = (
				19A0926F288680E8005B7F10 /* FavoritesViewModel.swift */,
			);
			path = ViewModel;
			sourceTree = "<group>";
		};
		19A0926C28859BD0005B7F10 /* Model */ = {
			isa = PBXGroup;
			children = (
			);
			path = Model;
			sourceTree = "<group>";
		};
/* End PBXGroup section */

/* Begin PBXNativeTarget section */
		19A0924B28845C99005B7F10 /* GitHub */ = {
			isa = PBXNativeTarget;
			buildConfigurationList = 19A0925A28845C9B005B7F10 /* Build configuration list for PBXNativeTarget "GitHub" */;
			buildPhases = (
				19A0924828845C99005B7F10 /* Sources */,
				19A0924928845C99005B7F10 /* Frameworks */,
				19A0924A28845C99005B7F10 /* Resources */,
			);
			buildRules = (
			);
			dependencies = (
			);
			name = GitHub;
			productName = GitHub;
			productReference = 19A0924C28845C99005B7F10 /* GitHub.app */;
			productType = "com.apple.product-type.application";
		};
/* End PBXNativeTarget section */

/* Begin PBXProject section */
		19A0924428845C99005B7F10 /* Project object */ = {
			isa = PBXProject;
			attributes = {
				BuildIndependentTargetsInParallel = 1;
				LastSwiftUpdateCheck = 1330;
				LastUpgradeCheck = 1330;
				TargetAttributes = {
					19A0924B28845C99005B7F10 = {
						CreatedOnToolsVersion = 13.3.1;
					};
				};
			};
			buildConfigurationList = 19A0924728845C99005B7F10 /* Build configuration list for PBXProject "GitHub" */;
			compatibilityVersion = "Xcode 13.0";
			developmentRegion = en;
			hasScannedForEncodings = 0;
			knownRegions = (
				en,
				Base,
			);
			mainGroup = 19A0924328845C99005B7F10;
			productRefGroup = 19A0924D28845C99005B7F10 /* Products */;
			projectDirPath = "";
			projectRoot = "";
			targets = (
				19A0924B28845C99005B7F10 /* GitHub */,
			);
		};
/* End PBXProject section */

/* Begin PBXResourcesBuildPhase section */
		19A0924A28845C99005B7F10 /* Resources */ = {
			isa = PBXResourcesBuildPhase;
			buildActionMask = 2147483647;
			files = (
				19A0925728845C9B005B7F10 /* Preview Assets.xcassets in Resources */,
				19A0925428845C9B005B7F10 /* Assets.xcassets in Resources */,
			);
			runOnlyForDeploymentPostprocessing = 0;
		};
/* End PBXResourcesBuildPhase section */

/* Begin PBXSourcesBuildPhase section */
		19A0924828845C99005B7F10 /* Sources */ = {
			isa = PBXSourcesBuildPhase;
			buildActionMask = 2147483647;
			files = (
				19A0925228845C99005B7F10 /* ContentView.swift in Sources */,
				19A0926E288680DB005B7F10 /* Favorites.swift in Sources */,
				19A0926128845CE6005B7F10 /* Repository.swift in Sources */,
				19A0925028845C99005B7F10 /* GitHubApp.swift in Sources */,
				19A09267288466EC005B7F10 /* StackCardView.swift in Sources */,
				19A0926528846272005B7F10 /* RepositoryViewModel.swift in Sources */,
				19A09263288461FA005B7F10 /* Repositories.swift in Sources */,
				19A09270288680E8005B7F10 /* FavoritesViewModel.swift in Sources */,
			);
			runOnlyForDeploymentPostprocessing = 0;
		};
/* End PBXSourcesBuildPhase section */

/* Begin XCBuildConfiguration section */
		19A0925828845C9B005B7F10 /* Debug */ = {
			isa = XCBuildConfiguration;
			buildSettings = {
				ALWAYS_SEARCH_USER_PATHS = NO;
				CLANG_ANALYZER_NONNULL = YES;
				CLANG_ANALYZER_NUMBER_OBJECT_CONVERSION = YES_AGGRESSIVE;
				CLANG_CXX_LANGUAGE_STANDARD = "gnu++17";
				CLANG_ENABLE_MODULES = YES;
				CLANG_ENABLE_OBJC_ARC = YES;
				CLANG_ENABLE_OBJC_WEAK = YES;
				CLANG_WARN_BLOCK_CAPTURE_AUTORELEASING = YES;
				CLANG_WARN_BOOL_CONVERSION = YES;
				CLANG_WARN_COMMA = YES;
				CLANG_WARN_CONSTANT_CONVERSION = YES;
				CLANG_WARN_DEPRECATED_OBJC_IMPLEMENTATIONS = YES;
				CLANG_WARN_DIRECT_OBJC_ISA_USAGE = YES_ERROR;
				CLANG_WARN_DOCUMENTATION_COMMENTS = YES;
				CLANG_WARN_EMPTY_BODY = YES;
				CLANG_WARN_ENUM_CONVERSION = YES;
				CLANG_WARN_INFINITE_RECURSION = YES;
				CLANG_WARN_INT_CONVERSION = YES;
				CLANG_WARN_NON_LITERAL_NULL_CONVERSION = YES;
				CLANG_WARN_OBJC_IMPLICIT_RETAIN_SELF = YES;
				CLANG_WARN_OBJC_LITERAL_CONVERSION = YES;
				CLANG_WARN_OBJC_ROOT_CLASS = YES_ERROR;
				CLANG_WARN_QUOTED_INCLUDE_IN_FRAMEWORK_HEADER = YES;
				CLANG_WARN_RANGE_LOOP_ANALYSIS = YES;
				CLANG_WARN_STRICT_PROTOTYPES = YES;
				CLANG_WARN_SUSPICIOUS_MOVE = YES;
				CLANG_WARN_UNGUARDED_AVAILABILITY = YES_AGGRESSIVE;
				CLANG_WARN_UNREACHABLE_CODE = YES;
				CLANG_WARN__DUPLICATE_METHOD_MATCH = YES;
				COPY_PHASE_STRIP = NO;
				DEBUG_INFORMATION_FORMAT = dwarf;
				ENABLE_STRICT_OBJC_MSGSEND = YES;
				ENABLE_TESTABILITY = YES;
				GCC_C_LANGUAGE_STANDARD = gnu11;
				GCC_DYNAMIC_NO_PIC = NO;
				GCC_NO_COMMON_BLOCKS = YES;
				GCC_OPTIMIZATION_LEVEL = 0;
				GCC_PREPROCESSOR_DEFINITIONS = (
					"DEBUG=1",
					"$(inherited)",
				);
				GCC_WARN_64_TO_32_BIT_CONVERSION = YES;
				GCC_WARN_ABOUT_RETURN_TYPE = YES_ERROR;
				GCC_WARN_UNDECLARED_SELECTOR = YES;
				GCC_WARN_UNINITIALIZED_AUTOS = YES_AGGRESSIVE;
				GCC_WARN_UNUSED_FUNCTION = YES;
				GCC_WARN_UNUSED_VARIABLE = YES;
				IPHONEOS_DEPLOYMENT_TARGET = 15.4;
				MTL_ENABLE_DEBUG_INFO = INCLUDE_SOURCE;
				MTL_FAST_MATH = YES;
				ONLY_ACTIVE_ARCH = YES;
				SDKROOT = iphoneos;
				SWIFT_ACTIVE_COMPILATION_CONDITIONS = DEBUG;
				SWIFT_OPTIMIZATION_LEVEL = "-Onone";
			};
			name = Debug;
		};
		19A0925928845C9B005B7F10 /* Release */ = {
			isa = XCBuildConfiguration;
			buildSettings = {
				ALWAYS_SEARCH_USER_PATHS = NO;
				CLANG_ANALYZER_NONNULL = YES;
				CLANG_ANALYZER_NUMBER_OBJECT_CONVERSION = YES_AGGRESSIVE;
				CLANG_CXX_LANGUAGE_STANDARD = "gnu++17";
				CLANG_ENABLE_MODULES = YES;
				CLANG_ENABLE_OBJC_ARC = YES;
				CLANG_ENABLE_OBJC_WEAK = YES;
				CLANG_WARN_BLOCK_CAPTURE_AUTORELEASING = YES;
				CLANG_WARN_BOOL_CONVERSION = YES;
				CLANG_WARN_COMMA = YES;
				CLANG_WARN_CONSTANT_CONVERSION = YES;
				CLANG_WARN_DEPRECATED_OBJC_IMPLEMENTATIONS = YES;
				CLANG_WARN_DIRECT_OBJC_ISA_USAGE = YES_ERROR;
				CLANG_WARN_DOCUMENTATION_COMMENTS = YES;
				CLANG_WARN_EMPTY_BODY = YES;
				CLANG_WARN_ENUM_CONVERSION = YES;
				CLANG_WARN_INFINITE_RECURSION = YES;
				CLANG_WARN_INT_CONVERSION = YES;
				CLANG_WARN_NON_LITERAL_NULL_CONVERSION = YES;
				CLANG_WARN_OBJC_IMPLICIT_RETAIN_SELF = YES;
				CLANG_WARN_OBJC_LITERAL_CONVERSION = YES;
				CLANG_WARN_OBJC_ROOT_CLASS = YES_ERROR;
				CLANG_WARN_QUOTED_INCLUDE_IN_FRAMEWORK_HEADER = YES;
				CLANG_WARN_RANGE_LOOP_ANALYSIS = YES;
				CLANG_WARN_STRICT_PROTOTYPES = YES;
				CLANG_WARN_SUSPICIOUS_MOVE = YES;
				CLANG_WARN_UNGUARDED_AVAILABILITY = YES_AGGRESSIVE;
				CLANG_WARN_UNREACHABLE_CODE = YES;
				CLANG_WARN__DUPLICATE_METHOD_MATCH = YES;
				COPY_PHASE_STRIP = NO;
				DEBUG_INFORMATION_FORMAT = "dwarf-with-dsym";
				ENABLE_NS_ASSERTIONS = NO;
				ENABLE_STRICT_OBJC_MSGSEND = YES;
				GCC_C_LANGUAGE_STANDARD = gnu11;
				GCC_NO_COMMON_BLOCKS = YES;
				GCC_WARN_64_TO_32_BIT_CONVERSION = YES;
				GCC_WARN_ABOUT_RETURN_TYPE = YES_ERROR;
				GCC_WARN_UNDECLARED_SELECTOR = YES;
				GCC_WARN_UNINITIALIZED_AUTOS = YES_AGGRESSIVE;
				GCC_WARN_UNUSED_FUNCTION = YES;
				GCC_WARN_UNUSED_VARIABLE = YES;
				IPHONEOS_DEPLOYMENT_TARGET = 15.4;
				MTL_ENABLE_DEBUG_INFO = NO;
				MTL_FAST_MATH = YES;
				SDKROOT = iphoneos;
				SWIFT_COMPILATION_MODE = wholemodule;
				SWIFT_OPTIMIZATION_LEVEL = "-O";
				VALIDATE_PRODUCT = YES;
			};
			name = Release;
		};
		19A0925B28845C9B005B7F10 /* Debug */ = {
			isa = XCBuildConfiguration;
			buildSettings = {
				ASSETCATALOG_COMPILER_APPICON_NAME = AppIcon;
				ASSETCATALOG_COMPILER_GLOBAL_ACCENT_COLOR_NAME = AccentColor;
				CODE_SIGN_STYLE = Automatic;
				CURRENT_PROJECT_VERSION = 1;
				DEVELOPMENT_ASSET_PATHS = "\"GitHub/Preview Content\"";
				ENABLE_PREVIEWS = YES;
				GENERATE_INFOPLIST_FILE = YES;
				INFOPLIST_KEY_UIApplicationSceneManifest_Generation = YES;
				INFOPLIST_KEY_UIApplicationSupportsIndirectInputEvents = YES;
				INFOPLIST_KEY_UILaunchScreen_Generation = YES;
				INFOPLIST_KEY_UISupportedInterfaceOrientations_iPad = "UIInterfaceOrientationPortrait UIInterfaceOrientationPortraitUpsideDown UIInterfaceOrientationLandscapeLeft UIInterfaceOrientationLandscapeRight";
				INFOPLIST_KEY_UISupportedInterfaceOrientations_iPhone = "UIInterfaceOrientationPortrait UIInterfaceOrientationLandscapeLeft UIInterfaceOrientationLandscapeRight";
				LD_RUNPATH_SEARCH_PATHS = (
					"$(inherited)",
					"@executable_path/Frameworks",
				);
				MARKETING_VERSION = 1.0;
				PRODUCT_BUNDLE_IDENTIFIER = d.GitHub;
				PRODUCT_NAME = "$(TARGET_NAME)";
				SWIFT_EMIT_LOC_STRINGS = YES;
				SWIFT_VERSION = 5.0;
				TARGETED_DEVICE_FAMILY = "1,2";
			};
			name = Debug;
		};
		19A0925C28845C9B005B7F10 /* Release */ = {
			isa = XCBuildConfiguration;
			buildSettings = {
				ASSETCATALOG_COMPILER_APPICON_NAME = AppIcon;
				ASSETCATALOG_COMPILER_GLOBAL_ACCENT_COLOR_NAME = AccentColor;
				CODE_SIGN_STYLE = Automatic;
				CURRENT_PROJECT_VERSION = 1;
				DEVELOPMENT_ASSET_PATHS = "\"GitHub/Preview Content\"";
				ENABLE_PREVIEWS = YES;
				GENERATE_INFOPLIST_FILE = YES;
				INFOPLIST_KEY_UIApplicationSceneManifest_Generation = YES;
				INFOPLIST_KEY_UIApplicationSupportsIndirectInputEvents = YES;
				INFOPLIST_KEY_UILaunchScreen_Generation = YES;
				INFOPLIST_KEY_UISupportedInterfaceOrientations_iPad = "UIInterfaceOrientationPortrait UIInterfaceOrientationPortraitUpsideDown UIInterfaceOrientationLandscapeLeft UIInterfaceOrientationLandscapeRight";
				INFOPLIST_KEY_UISupportedInterfaceOrientations_iPhone = "UIInterfaceOrientationPortrait UIInterfaceOrientationLandscapeLeft UIInterfaceOrientationLandscapeRight";
				LD_RUNPATH_SEARCH_PATHS = (
					"$(inherited)",
					"@executable_path/Frameworks",
				);
				MARKETING_VERSION = 1.0;
				PRODUCT_BUNDLE_IDENTIFIER = d.GitHub;
				PRODUCT_NAME = "$(TARGET_NAME)";
				SWIFT_EMIT_LOC_STRINGS = YES;
				SWIFT_VERSION = 5.0;
				TARGETED_DEVICE_FAMILY = "1,2";
			};
			name = Release;
		};
/* End XCBuildConfiguration section */

/* Begin XCConfigurationList section */
		19A0924728845C99005B7F10 /* Build configuration list for PBXProject "GitHub" */ = {
			isa = XCConfigurationList;
			buildConfigurations = (
				19A0925828845C9B005B7F10 /* Debug */,
				19A0925928845C9B005B7F10 /* Release */,
			);
			defaultConfigurationIsVisible = 0;
			defaultConfigurationName = Release;
		};
		19A0925A28845C9B005B7F10 /* Build configuration list for PBXNativeTarget "GitHub" */ = {
			isa = XCConfigurationList;
			buildConfigurations = (
				19A0925B28845C9B005B7F10 /* Debug */,
				19A0925C28845C9B005B7F10 /* Release */,
			);
			defaultConfigurationIsVisible = 0;
			defaultConfigurationName = Release;
		};
/* End XCConfigurationList section */
	};
	rootObject = 19A0924428845C99005B7F10 /* Project object */;
}
